
Microsoft Visual Studio Solution File, Format Version 12.00
# Visual Studio 14
VisualStudioVersion = 14.0.24720.0
MinimumVisualStudioVersion = 10.0.40219.1
Project("{FAE04EC0-301F-11D3-BF4B-00C04F79EFBC}") = "EFLab_1", "EFLab_1\EFLab_1.csproj", "{1C8F4B9E-D524-4359-896C-4459E2749BA0}"
EndProject
Project("{FAE04EC0-301F-11D3-BF4B-00C04F79EFBC}") = "EFLab_3", "..\..\..\..\Desktop\EFLab_3\EFLab_3.csproj", "{6703B7F0-10AC-4042-9670-0EE4BFDE867B}"
EndProject
Project("{FAE04EC0-301F-11D3-BF4B-00C04F79EFBC}") = "EFLab_2", "EFLab_2\EFLab_2.csproj", "{61216683-92F5-4B73-B42E-C44C43CCE298}"
EndProject
Project("{FAE04EC0-301F-11D3-BF4B-00C04F79EFBC}") = "EFLab_3_LINQ", "EFLab_3_LINQ\EFLab_3_LINQ.csproj", "{F0FCEA62-0762-4B91-87F8-95B7CE57157D}"
EndProject
Project("{FAE04EC0-301F-11D3-BF4B-00C04F79EFBC}") = "EFLab_3_LAMBDA", "EFLab_3_LAMBDA\EFLab_3_LAMBDA.csproj", "{97A2ACFD-7C3A-4CCE-A4C6-5E4DA2E9B99E}"
EndProject
Global
	GlobalSection(SolutionConfigurationPlatforms) = preSolution
		Debug|Any CPU = Debug|Any CPU
		Release|Any CPU = Release|Any CPU
	EndGlobalSection
	GlobalSection(ProjectConfigurationPlatforms) = postSolution
		{1C8F4B9E-D524-4359-896C-4459E2749BA0}.Debug|Any CPU.ActiveCfg = Debug|Any CPU
		{1C8F4B9E-D524-4359-896C-4459E2749BA0}.Debug|Any CPU.Build.0 = Debug|Any CPU
		{1C8F4B9E-D524-4359-896C-4459E2749BA0}.Release|Any CPU.ActiveCfg = Release|Any CPU
		{1C8F4B9E-D524-4359-896C-4459E2749BA0}.Release|Any CPU.Build.0 = Release|Any CPU
		{6703B7F0-10AC-4042-9670-0EE4BFDE867B}.Debug|Any CPU.ActiveCfg = Debug|Any CPU
		{6703B7F0-10AC-4042-9670-0EE4BFDE867B}.Debug|Any CPU.Build.0 = Debug|Any CPU
		{6703B7F0-10AC-4042-9670-0EE4BFDE867B}.Release|Any CPU.ActiveCfg = Release|Any CPU
		{6703B7F0-10AC-4042-9670-0EE4BFDE867B}.Release|Any CPU.Build.0 = Release|Any CPU
		{61216683-92F5-4B73-B42E-C44C43CCE298}.Debug|Any CPU.ActiveCfg = Debug|Any CPU
		{61216683-92F5-4B73-B42E-C44C43CCE298}.Debug|Any CPU.Build.0 = Debug|Any CPU
		{61216683-92F5-4B73-B42E-C44C43CCE298}.Release|Any CPU.ActiveCfg = Release|Any CPU
		{61216683-92F5-4B73-B42E-C44C43CCE298}.Release|Any CPU.Build.0 = Release|Any CPU
		{F0FCEA62-0762-4B91-87F8-95B7CE57157D}.Debug|Any CPU.ActiveCfg = Debug|Any CPU
		{F0FCEA62-0762-4B91-87F8-95B7CE57157D}.Debug|Any CPU.Build.0 = Debug|Any CPU
		{F0FCEA62-0762-4B91-87F8-95B7CE57157D}.Release|Any CPU.ActiveCfg = Release|Any CPU
		{F0FCEA62-0762-4B91-87F8-95B7CE57157D}.Release|Any CPU.Build.0 = Release|Any CPU
		{97A2ACFD-7C3A-4CCE-A4C6-5E4DA2E9B99E}.Debug|Any CPU.ActiveCfg = Debug|Any CPU
		{97A2ACFD-7C3A-4CCE-A4C6-5E4DA2E9B99E}.Debug|Any CPU.Build.0 = Debug|Any CPU
		{97A2ACFD-7C3A-4CCE-A4C6-5E4DA2E9B99E}.Release|Any CPU.ActiveCfg = Release|Any CPU
		{97A2ACFD-7C3A-4CCE-A4C6-5E4DA2E9B99E}.Release|Any CPU.Build.0 = Release|Any CPU
	EndGlobalSection
	GlobalSection(SolutionProperties) = preSolution
		HideSolutionNode = FALSE
	EndGlobalSection
EndGlobal
