
Microsoft Visual Studio Solution File, Format Version 12.00
# Visual Studio 14
VisualStudioVersion = 14.0.24720.0
MinimumVisualStudioVersion = 10.0.40219.1
Project("{FAE04EC0-301F-11D3-BF4B-00C04F79EFBC}") = "EFLab_3a", "EFLab\EFLab_3a.csproj", "{B02D23C0-26F5-49A9-8D3A-8F2AB65310A6}"
EndProject
Project("{FAE04EC0-301F-11D3-BF4B-00C04F79EFBC}") = "EFLab_2", "EFLab_3\EFLab_2.csproj", "{61216683-92F5-4B73-B42E-C44C43CCE298}"
EndProject
Global
	GlobalSection(SolutionConfigurationPlatforms) = preSolution
		Debug|Any CPU = Debug|Any CPU
		Release|Any CPU = Release|Any CPU
	EndGlobalSection
	GlobalSection(ProjectConfigurationPlatforms) = postSolution
		{B02D23C0-26F5-49A9-8D3A-8F2AB65310A6}.Debug|Any CPU.ActiveCfg = Debug|Any CPU
		{B02D23C0-26F5-49A9-8D3A-8F2AB65310A6}.Debug|Any CPU.Build.0 = Debug|Any CPU
		{B02D23C0-26F5-49A9-8D3A-8F2AB65310A6}.Release|Any CPU.ActiveCfg = Release|Any CPU
		{B02D23C0-26F5-49A9-8D3A-8F2AB65310A6}.Release|Any CPU.Build.0 = Release|Any CPU
		{61216683-92F5-4B73-B42E-C44C43CCE298}.Debug|Any CPU.ActiveCfg = Debug|Any CPU
		{61216683-92F5-4B73-B42E-C44C43CCE298}.Debug|Any CPU.Build.0 = Debug|Any CPU
		{61216683-92F5-4B73-B42E-C44C43CCE298}.Release|Any CPU.ActiveCfg = Release|Any CPU
		{61216683-92F5-4B73-B42E-C44C43CCE298}.Release|Any CPU.Build.0 = Release|Any CPU
	EndGlobalSection
	GlobalSection(SolutionProperties) = preSolution
		HideSolutionNode = FALSE
	EndGlobalSection
EndGlobal
